// !$*UTF8*$!
{
	archiveVersion = 1;
	classes = {
	};
	objectVersion = 50;
	objects = {

/* Begin PBXBuildFile section */
		4E4D876625B41D5400E4871E /* Animated_tab_barApp.swift in Sources */ = {isa = PBXBuildFile; fileRef = 4E4D876525B41D5400E4871E /* Animated_tab_barApp.swift */; };
		4E4D876825B41D5400E4871E /* ContentView.swift in Sources */ = {isa = PBXBuildFile; fileRef = 4E4D876725B41D5400E4871E /* ContentView.swift */; };
		4E4D876A25B41D5400E4871E /* Assets.xcassets in Resources */ = {isa = PBXBuildFile; fileRef = 4E4D876925B41D5400E4871E /* Assets.xcassets */; };
		4E4D876D25B41D5400E4871E /* Preview Assets.xcassets in Resources */ = {isa = PBXBuildFile; fileRef = 4E4D876C25B41D5400E4871E /* Preview Assets.xcassets */; };
		4E4D877825B41D8500E4871E /* Home.swift in Sources */ = {isa = PBXBuildFile; fileRef = 4E4D877725B41D8500E4871E /* Home.swift */; };
		4E4D878325B41DE700E4871E /* CustomTabBar.swift in Sources */ = {isa = PBXBuildFile; fileRef = 4E4D878225B41DE700E4871E /* CustomTabBar.swift */; };
		4E4D878725B41E8E00E4871E /* CustomShape.swift in Sources */ = {isa = PBXBuildFile; fileRef = 4E4D878625B41E8E00E4871E /* CustomShape.swift */; };
		4E4D879025B421B500E4871E /* PContentView.swift in Sources */ = {isa = PBXBuildFile; fileRef = 4E4D878F25B421B500E4871E /* PContentView.swift */; };
		4E4D879425B421BF00E4871E /* PHome.swift in Sources */ = {isa = PBXBuildFile; fileRef = 4E4D879325B421BF00E4871E /* PHome.swift */; };
		4E4D879C25B423D400E4871E /* RoundedShape.swift in Sources */ = {isa = PBXBuildFile; fileRef = 4E4D879925B423D400E4871E /* RoundedShape.swift */; };
		4E4D879D25B423D400E4871E /* StatsView.swift in Sources */ = {isa = PBXBuildFile; fileRef = 4E4D879A25B423D400E4871E /* StatsView.swift */; };
		4E4D879E25B423D400E4871E /* BarsView.swift in Sources */ = {isa = PBXBuildFile; fileRef = 4E4D879B25B423D400E4871E /* BarsView.swift */; };
		4E4D87A125B423D800E4871E /* Daily.swift in Sources */ = {isa = PBXBuildFile; fileRef = 4E4D87A025B423D800E4871E /* Daily.swift */; };
		4E4D87A425B423DD00E4871E /* ViewModel.swift in Sources */ = {isa = PBXBuildFile; fileRef = 4E4D87A325B423DD00E4871E /* ViewModel.swift */; };
		4E4D87A825B423E800E4871E /* FHome.swift in Sources */ = {isa = PBXBuildFile; fileRef = 4E4D87A625B423E800E4871E /* FHome.swift */; };
		4E4D87A925B423E800E4871E /* FContentView.swift in Sources */ = {isa = PBXBuildFile; fileRef = 4E4D87A725B423E800E4871E /* FContentView.swift */; };
/* End PBXBuildFile section */

/* Begin PBXFileReference section */
		4E4D876225B41D5400E4871E /* Animated tab bar.app */ = {isa = PBXFileReference; explicitFileType = wrapper.application; includeInIndex = 0; path = "Animated tab bar.app"; sourceTree = BUILT_PRODUCTS_DIR; };
		4E4D876525B41D5400E4871E /* Animated_tab_barApp.swift */ = {isa = PBXFileReference; lastKnownFileType = sourcecode.swift; path = Animated_tab_barApp.swift; sourceTree = "<group>"; };
		4E4D876725B41D5400E4871E /* ContentView.swift */ = {isa = PBXFileReference; lastKnownFileType = sourcecode.swift; path = ContentView.swift; sourceTree = "<group>"; };
		4E4D876925B41D5400E4871E /* Assets.xcassets */ = {isa = PBXFileReference; lastKnownFileType = folder.assetcatalog; path = Assets.xcassets; sourceTree = "<group>"; };
		4E4D876C25B41D5400E4871E /* Preview Assets.xcassets */ = {isa = PBXFileReference; lastKnownFileType = folder.assetcatalog; path = "Preview Assets.xcassets"; sourceTree = "<group>"; };
		4E4D876E25B41D5400E4871E /* Info.plist */ = {isa = PBXFileReference; lastKnownFileType = text.plist.xml; path = Info.plist; sourceTree = "<group>"; };
		4E4D877725B41D8500E4871E /* Home.swift */ = {isa = PBXFileReference; lastKnownFileType = sourcecode.swift; path = Home.swift; sourceTree = "<group>"; };
		4E4D878225B41DE700E4871E /* CustomTabBar.swift */ = {isa = PBXFileReference; lastKnownFileType = sourcecode.swift; path = CustomTabBar.swift; sourceTree = "<group>"; };
		4E4D878625B41E8E00E4871E /* CustomShape.swift */ = {isa = PBXFileReference; lastKnownFileType = sourcecode.swift; path = CustomShape.swift; sourceTree = "<group>"; };
		4E4D878F25B421B500E4871E /* PContentView.swift */ = {isa = PBXFileReference; lastKnownFileType = sourcecode.swift; path = PContentView.swift; sourceTree = "<group>"; };
		4E4D879325B421BF00E4871E /* PHome.swift */ = {isa = PBXFileReference; lastKnownFileType = sourcecode.swift; path = PHome.swift; sourceTree = "<group>"; };
		4E4D879925B423D400E4871E /* RoundedShape.swift */ = {isa = PBXFileReference; fileEncoding = 4; lastKnownFileType = sourcecode.swift; path = RoundedShape.swift; sourceTree = "<group>"; };
		4E4D879A25B423D400E4871E /* StatsView.swift */ = {isa = PBXFileReference; fileEncoding = 4; lastKnownFileType = sourcecode.swift; path = StatsView.swift; sourceTree = "<group>"; };
		4E4D879B25B423D400E4871E /* BarsView.swift */ = {isa = PBXFileReference; fileEncoding = 4; lastKnownFileType = sourcecode.swift; path = BarsView.swift; sourceTree = "<group>"; };
		4E4D87A025B423D800E4871E /* Daily.swift */ = {isa = PBXFileReference; fileEncoding = 4; lastKnownFileType = sourcecode.swift; path = Daily.swift; sourceTree = "<group>"; };
		4E4D87A325B423DD00E4871E /* ViewModel.swift */ = {isa = PBXFileReference; fileEncoding = 4; lastKnownFileType = sourcecode.swift; path = ViewModel.swift; sourceTree = "<group>"; };
		4E4D87A625B423E800E4871E /* FHome.swift */ = {isa = PBXFileReference; fileEncoding = 4; lastKnownFileType = sourcecode.swift; path = FHome.swift; sourceTree = "<group>"; };
		4E4D87A725B423E800E4871E /* FContentView.swift */ = {isa = PBXFileReference; fileEncoding = 4; lastKnownFileType = sourcecode.swift; path = FContentView.swift; sourceTree = "<group>"; };
/* End PBXFileReference section */

/* Begin PBXFrameworksBuildPhase section */
		4E4D875F25B41D5400E4871E /* Frameworks */ = {
			isa = PBXFrameworksBuildPhase;
			buildActionMask = 2147483647;
			files = (
			);
			runOnlyForDeploymentPostprocessing = 0;
		};
/* End PBXFrameworksBuildPhase section */

/* Begin PBXGroup section */
		4E4D875925B41D5400E4871E = {
			isa = PBXGroup;
			children = (
				4E4D876425B41D5400E4871E /* Animated tab bar */,
				4E4D876325B41D5400E4871E /* Products */,
			);
			sourceTree = "<group>";
		};
		4E4D876325B41D5400E4871E /* Products */ = {
			isa = PBXGroup;
			children = (
				4E4D876225B41D5400E4871E /* Animated tab bar.app */,
			);
			name = Products;
			sourceTree = "<group>";
		};
		4E4D876425B41D5400E4871E /* Animated tab bar */ = {
			isa = PBXGroup;
			children = (
				4E4D876525B41D5400E4871E /* Animated_tab_barApp.swift */,
				4E4D877C25B41D9000E4871E /* viewmodel */,
				4E4D877B25B41D8B00E4871E /* model */,
				4E4D877A25B41D8700E4871E /* view */,
				4E4D877525B41D7D00E4871E /* scenes */,
				4E4D876925B41D5400E4871E /* Assets.xcassets */,
				4E4D876E25B41D5400E4871E /* Info.plist */,
				4E4D876B25B41D5400E4871E /* Preview Content */,
			);
			path = "Animated tab bar";
			sourceTree = "<group>";
		};
		4E4D876B25B41D5400E4871E /* Preview Content */ = {
			isa = PBXGroup;
			children = (
				4E4D876C25B41D5400E4871E /* Preview Assets.xcassets */,
			);
			path = "Preview Content";
			sourceTree = "<group>";
		};
		4E4D877525B41D7D00E4871E /* scenes */ = {
			isa = PBXGroup;
			children = (
				4E4D879625B423C200E4871E /* Fitness */,
				4E4D878C25B4219C00E4871E /* PARALLEX */,
				4E4D876725B41D5400E4871E /* ContentView.swift */,
				4E4D877725B41D8500E4871E /* Home.swift */,
			);
			path = scenes;
			sourceTree = "<group>";
		};
		4E4D877A25B41D8700E4871E /* view */ = {
			isa = PBXGroup;
			children = (
				4E4D878D25B421A500E4871E /* Fitness */,
				4E4D878525B41E8800E4871E /* custom */,
			);
			path = view;
			sourceTree = "<group>";
		};
		4E4D877B25B41D8B00E4871E /* model */ = {
			isa = PBXGroup;
			children = (
				4E4D879725B423C700E4871E /* Fitness */,
				4E4D878E25B421A900E4871E /* PARALLEX */,
			);
			path = model;
			sourceTree = "<group>";
		};
		4E4D877C25B41D9000E4871E /* viewmodel */ = {
			isa = PBXGroup;
			children = (
				4E4D879825B423CB00E4871E /* Fitness */,
			);
			path = viewmodel;
			sourceTree = "<group>";
		};
		4E4D878525B41E8800E4871E /* custom */ = {
			isa = PBXGroup;
			children = (
				4E4D878225B41DE700E4871E /* CustomTabBar.swift */,
				4E4D878625B41E8E00E4871E /* CustomShape.swift */,
			);
			path = custom;
			sourceTree = "<group>";
		};
		4E4D878C25B4219C00E4871E /* PARALLEX */ = {
			isa = PBXGroup;
			children = (
				4E4D878F25B421B500E4871E /* PContentView.swift */,
				4E4D879325B421BF00E4871E /* PHome.swift */,
			);
			path = PARALLEX;
			sourceTree = "<group>";
		};
		4E4D878D25B421A500E4871E /* Fitness */ = {
			isa = PBXGroup;
			children = (
				4E4D879B25B423D400E4871E /* BarsView.swift */,
				4E4D879925B423D400E4871E /* RoundedShape.swift */,
				4E4D879A25B423D400E4871E /* StatsView.swift */,
			);
			path = Fitness;
			sourceTree = "<group>";
		};
		4E4D878E25B421A900E4871E /* PARALLEX */ = {
			isa = PBXGroup;
			children = (
			);
			path = PARALLEX;
			sourceTree = "<group>";
		};
		4E4D879625B423C200E4871E /* Fitness */ = {
			isa = PBXGroup;
			children = (
				4E4D87A725B423E800E4871E /* FContentView.swift */,
				4E4D87A625B423E800E4871E /* FHome.swift */,
			);
			path = Fitness;
			sourceTree = "<group>";
		};
		4E4D879725B423C700E4871E /* Fitness */ = {
			isa = PBXGroup;
			children = (
				4E4D87A025B423D800E4871E /* Daily.swift */,
			);
			path = Fitness;
			sourceTree = "<group>";
		};
		4E4D879825B423CB00E4871E /* Fitness */ = {
			isa = PBXGroup;
			children = (
				4E4D87A325B423DD00E4871E /* ViewModel.swift */,
			);
			path = Fitness;
			sourceTree = "<group>";
		};
/* End PBXGroup section */

/* Begin PBXNativeTarget section */
		4E4D876125B41D5400E4871E /* Animated tab bar */ = {
			isa = PBXNativeTarget;
			buildConfigurationList = 4E4D877125B41D5400E4871E /* Build configuration list for PBXNativeTarget "Animated tab bar" */;
			buildPhases = (
				4E4D875E25B41D5400E4871E /* Sources */,
				4E4D875F25B41D5400E4871E /* Frameworks */,
				4E4D876025B41D5400E4871E /* Resources */,
			);
			buildRules = (
			);
			dependencies = (
			);
			name = "Animated tab bar";
			productName = "Animated tab bar";
			productReference = 4E4D876225B41D5400E4871E /* Animated tab bar.app */;
			productType = "com.apple.product-type.application";
		};
/* End PBXNativeTarget section */

/* Begin PBXProject section */
		4E4D875A25B41D5400E4871E /* Project object */ = {
			isa = PBXProject;
			attributes = {
				LastSwiftUpdateCheck = 1220;
				LastUpgradeCheck = 1220;
				TargetAttributes = {
					4E4D876125B41D5400E4871E = {
						CreatedOnToolsVersion = 12.2;
					};
				};
			};
			buildConfigurationList = 4E4D875D25B41D5400E4871E /* Build configuration list for PBXProject "Animated tab bar" */;
			compatibilityVersion = "Xcode 9.3";
			developmentRegion = en;
			hasScannedForEncodings = 0;
			knownRegions = (
				en,
				Base,
			);
			mainGroup = 4E4D875925B41D5400E4871E;
			productRefGroup = 4E4D876325B41D5400E4871E /* Products */;
			projectDirPath = "";
			projectRoot = "";
			targets = (
				4E4D876125B41D5400E4871E /* Animated tab bar */,
			);
		};
/* End PBXProject section */

/* Begin PBXResourcesBuildPhase section */
		4E4D876025B41D5400E4871E /* Resources */ = {
			isa = PBXResourcesBuildPhase;
			buildActionMask = 2147483647;
			files = (
				4E4D876D25B41D5400E4871E /* Preview Assets.xcassets in Resources */,
				4E4D876A25B41D5400E4871E /* Assets.xcassets in Resources */,
			);
			runOnlyForDeploymentPostprocessing = 0;
		};
/* End PBXResourcesBuildPhase section */

/* Begin PBXSourcesBuildPhase section */
		4E4D875E25B41D5400E4871E /* Sources */ = {
			isa = PBXSourcesBuildPhase;
			buildActionMask = 2147483647;
			files = (
				4E4D878725B41E8E00E4871E /* CustomShape.swift in Sources */,
				4E4D879425B421BF00E4871E /* PHome.swift in Sources */,
				4E4D87A925B423E800E4871E /* FContentView.swift in Sources */,
				4E4D878325B41DE700E4871E /* CustomTabBar.swift in Sources */,
				4E4D876825B41D5400E4871E /* ContentView.swift in Sources */,
				4E4D879025B421B500E4871E /* PContentView.swift in Sources */,
				4E4D877825B41D8500E4871E /* Home.swift in Sources */,
				4E4D87A825B423E800E4871E /* FHome.swift in Sources */,
				4E4D879E25B423D400E4871E /* BarsView.swift in Sources */,
				4E4D876625B41D5400E4871E /* Animated_tab_barApp.swift in Sources */,
				4E4D87A125B423D800E4871E /* Daily.swift in Sources */,
				4E4D879C25B423D400E4871E /* RoundedShape.swift in Sources */,
				4E4D87A425B423DD00E4871E /* ViewModel.swift in Sources */,
				4E4D879D25B423D400E4871E /* StatsView.swift in Sources */,
			);
			runOnlyForDeploymentPostprocessing = 0;
		};
/* End PBXSourcesBuildPhase section */

/* Begin XCBuildConfiguration section */
		4E4D876F25B41D5400E4871E /* Debug */ = {
			isa = XCBuildConfiguration;
			buildSettings = {
				ALWAYS_SEARCH_USER_PATHS = NO;
				CLANG_ANALYZER_NONNULL = YES;
				CLANG_ANALYZER_NUMBER_OBJECT_CONVERSION = YES_AGGRESSIVE;
				CLANG_CXX_LANGUAGE_STANDARD = "gnu++14";
				CLANG_CXX_LIBRARY = "libc++";
				CLANG_ENABLE_MODULES = YES;
				CLANG_ENABLE_OBJC_ARC = YES;
				CLANG_ENABLE_OBJC_WEAK = YES;
				CLANG_WARN_BLOCK_CAPTURE_AUTORELEASING = YES;
				CLANG_WARN_BOOL_CONVERSION = YES;
				CLANG_WARN_COMMA = YES;
				CLANG_WARN_CONSTANT_CONVERSION = YES;
				CLANG_WARN_DEPRECATED_OBJC_IMPLEMENTATIONS = YES;
				CLANG_WARN_DIRECT_OBJC_ISA_USAGE = YES_ERROR;
				CLANG_WARN_DOCUMENTATION_COMMENTS = YES;
				CLANG_WARN_EMPTY_BODY = YES;
				CLANG_WARN_ENUM_CONVERSION = YES;
				CLANG_WARN_INFINITE_RECURSION = YES;
				CLANG_WARN_INT_CONVERSION = YES;
				CLANG_WARN_NON_LITERAL_NULL_CONVERSION = YES;
				CLANG_WARN_OBJC_IMPLICIT_RETAIN_SELF = YES;
				CLANG_WARN_OBJC_LITERAL_CONVERSION = YES;
				CLANG_WARN_OBJC_ROOT_CLASS = YES_ERROR;
				CLANG_WARN_QUOTED_INCLUDE_IN_FRAMEWORK_HEADER = YES;
				CLANG_WARN_RANGE_LOOP_ANALYSIS = YES;
				CLANG_WARN_STRICT_PROTOTYPES = YES;
				CLANG_WARN_SUSPICIOUS_MOVE = YES;
				CLANG_WARN_UNGUARDED_AVAILABILITY = YES_AGGRESSIVE;
				CLANG_WARN_UNREACHABLE_CODE = YES;
				CLANG_WARN__DUPLICATE_METHOD_MATCH = YES;
				COPY_PHASE_STRIP = NO;
				DEBUG_INFORMATION_FORMAT = dwarf;
				ENABLE_STRICT_OBJC_MSGSEND = YES;
				ENABLE_TESTABILITY = YES;
				GCC_C_LANGUAGE_STANDARD = gnu11;
				GCC_DYNAMIC_NO_PIC = NO;
				GCC_NO_COMMON_BLOCKS = YES;
				GCC_OPTIMIZATION_LEVEL = 0;
				GCC_PREPROCESSOR_DEFINITIONS = (
					"DEBUG=1",
					"$(inherited)",
				);
				GCC_WARN_64_TO_32_BIT_CONVERSION = YES;
				GCC_WARN_ABOUT_RETURN_TYPE = YES_ERROR;
				GCC_WARN_UNDECLARED_SELECTOR = YES;
				GCC_WARN_UNINITIALIZED_AUTOS = YES_AGGRESSIVE;
				GCC_WARN_UNUSED_FUNCTION = YES;
				GCC_WARN_UNUSED_VARIABLE = YES;
				IPHONEOS_DEPLOYMENT_TARGET = 14.2;
				MTL_ENABLE_DEBUG_INFO = INCLUDE_SOURCE;
				MTL_FAST_MATH = YES;
				ONLY_ACTIVE_ARCH = YES;
				SDKROOT = iphoneos;
				SWIFT_ACTIVE_COMPILATION_CONDITIONS = DEBUG;
				SWIFT_OPTIMIZATION_LEVEL = "-Onone";
			};
			name = Debug;
		};
		4E4D877025B41D5400E4871E /* Release */ = {
			isa = XCBuildConfiguration;
			buildSettings = {
				ALWAYS_SEARCH_USER_PATHS = NO;
				CLANG_ANALYZER_NONNULL = YES;
				CLANG_ANALYZER_NUMBER_OBJECT_CONVERSION = YES_AGGRESSIVE;
				CLANG_CXX_LANGUAGE_STANDARD = "gnu++14";
				CLANG_CXX_LIBRARY = "libc++";
				CLANG_ENABLE_MODULES = YES;
				CLANG_ENABLE_OBJC_ARC = YES;
				CLANG_ENABLE_OBJC_WEAK = YES;
				CLANG_WARN_BLOCK_CAPTURE_AUTORELEASING = YES;
				CLANG_WARN_BOOL_CONVERSION = YES;
				CLANG_WARN_COMMA = YES;
				CLANG_WARN_CONSTANT_CONVERSION = YES;
				CLANG_WARN_DEPRECATED_OBJC_IMPLEMENTATIONS = YES;
				CLANG_WARN_DIRECT_OBJC_ISA_USAGE = YES_ERROR;
				CLANG_WARN_DOCUMENTATION_COMMENTS = YES;
				CLANG_WARN_EMPTY_BODY = YES;
				CLANG_WARN_ENUM_CONVERSION = YES;
				CLANG_WARN_INFINITE_RECURSION = YES;
				CLANG_WARN_INT_CONVERSION = YES;
				CLANG_WARN_NON_LITERAL_NULL_CONVERSION = YES;
				CLANG_WARN_OBJC_IMPLICIT_RETAIN_SELF = YES;
				CLANG_WARN_OBJC_LITERAL_CONVERSION = YES;
				CLANG_WARN_OBJC_ROOT_CLASS = YES_ERROR;
				CLANG_WARN_QUOTED_INCLUDE_IN_FRAMEWORK_HEADER = YES;
				CLANG_WARN_RANGE_LOOP_ANALYSIS = YES;
				CLANG_WARN_STRICT_PROTOTYPES = YES;
				CLANG_WARN_SUSPICIOUS_MOVE = YES;
				CLANG_WARN_UNGUARDED_AVAILABILITY = YES_AGGRESSIVE;
				CLANG_WARN_UNREACHABLE_CODE = YES;
				CLANG_WARN__DUPLICATE_METHOD_MATCH = YES;
				COPY_PHASE_STRIP = NO;
				DEBUG_INFORMATION_FORMAT = "dwarf-with-dsym";
				ENABLE_NS_ASSERTIONS = NO;
				ENABLE_STRICT_OBJC_MSGSEND = YES;
				GCC_C_LANGUAGE_STANDARD = gnu11;
				GCC_NO_COMMON_BLOCKS = YES;
				GCC_WARN_64_TO_32_BIT_CONVERSION = YES;
				GCC_WARN_ABOUT_RETURN_TYPE = YES_ERROR;
				GCC_WARN_UNDECLARED_SELECTOR = YES;
				GCC_WARN_UNINITIALIZED_AUTOS = YES_AGGRESSIVE;
				GCC_WARN_UNUSED_FUNCTION = YES;
				GCC_WARN_UNUSED_VARIABLE = YES;
				IPHONEOS_DEPLOYMENT_TARGET = 14.2;
				MTL_ENABLE_DEBUG_INFO = NO;
				MTL_FAST_MATH = YES;
				SDKROOT = iphoneos;
				SWIFT_COMPILATION_MODE = wholemodule;
				SWIFT_OPTIMIZATION_LEVEL = "-O";
				VALIDATE_PRODUCT = YES;
			};
			name = Release;
		};
		4E4D877225B41D5400E4871E /* Debug */ = {
			isa = XCBuildConfiguration;
			buildSettings = {
				ASSETCATALOG_COMPILER_APPICON_NAME = AppIcon;
				ASSETCATALOG_COMPILER_GLOBAL_ACCENT_COLOR_NAME = AccentColor;
				CODE_SIGN_STYLE = Automatic;
				DEVELOPMENT_ASSET_PATHS = "\"Animated tab bar/Preview Content\"";
				DEVELOPMENT_TEAM = 5RTZJMVRS2;
				ENABLE_PREVIEWS = YES;
				INFOPLIST_FILE = "Animated tab bar/Info.plist";
				IPHONEOS_DEPLOYMENT_TARGET = 14.0;
				LD_RUNPATH_SEARCH_PATHS = (
					"$(inherited)",
					"@executable_path/Frameworks",
				);
				PRODUCT_BUNDLE_IDENTIFIER = "com.hosam.net.Animated-tab-bar";
				PRODUCT_NAME = "$(TARGET_NAME)";
				SWIFT_VERSION = 5.0;
				TARGETED_DEVICE_FAMILY = "1,2";
			};
			name = Debug;
		};
		4E4D877325B41D5400E4871E /* Release */ = {
			isa = XCBuildConfiguration;
			buildSettings = {
				ASSETCATALOG_COMPILER_APPICON_NAME = AppIcon;
				ASSETCATALOG_COMPILER_GLOBAL_ACCENT_COLOR_NAME = AccentColor;
				CODE_SIGN_STYLE = Automatic;
				DEVELOPMENT_ASSET_PATHS = "\"Animated tab bar/Preview Content\"";
				DEVELOPMENT_TEAM = 5RTZJMVRS2;
				ENABLE_PREVIEWS = YES;
				INFOPLIST_FILE = "Animated tab bar/Info.plist";
				IPHONEOS_DEPLOYMENT_TARGET = 14.0;
				LD_RUNPATH_SEARCH_PATHS = (
					"$(inherited)",
					"@executable_path/Frameworks",
				);
				PRODUCT_BUNDLE_IDENTIFIER = "com.hosam.net.Animated-tab-bar";
				PRODUCT_NAME = "$(TARGET_NAME)";
				SWIFT_VERSION = 5.0;
				TARGETED_DEVICE_FAMILY = "1,2";
			};
			name = Release;
		};
/* End XCBuildConfiguration section */

/* Begin XCConfigurationList section */
		4E4D875D25B41D5400E4871E /* Build configuration list for PBXProject "Animated tab bar" */ = {
			isa = XCConfigurationList;
			buildConfigurations = (
				4E4D876F25B41D5400E4871E /* Debug */,
				4E4D877025B41D5400E4871E /* Release */,
			);
			defaultConfigurationIsVisible = 0;
			defaultConfigurationName = Release;
		};
		4E4D877125B41D5400E4871E /* Build configuration list for PBXNativeTarget "Animated tab bar" */ = {
			isa = XCConfigurationList;
			buildConfigurations = (
				4E4D877225B41D5400E4871E /* Debug */,
				4E4D877325B41D5400E4871E /* Release */,
			);
			defaultConfigurationIsVisible = 0;
			defaultConfigurationName = Release;
		};
/* End XCConfigurationList section */
	};
	rootObject = 4E4D875A25B41D5400E4871E /* Project object */;
}
